
Microsoft Visual Studio Solution File, Format Version 12.00
# Visual Studio Version 17
VisualStudioVersion = 17.14.36518.9
MinimumVisualStudioVersion = 10.0.40219.1
Project("{FAE04EC0-301F-11D3-BF4B-00C04F79EFBC}") = "be-authenticationAPI", "be-authenticationAPI\be-authenticationAPI.csproj", "{3936C651-D8FE-44A7-BA46-84E95DECF43E}"
EndProject
Project("{FAE04EC0-301F-11D3-BF4B-00C04F79EFBC}") = "be-authenticationApplication", "be-authenticationApplication\be-authenticationApplication.csproj", "{BCFFF388-C049-4036-8525-DDBEAE0D4633}"
EndProject
Project("{FAE04EC0-301F-11D3-BF4B-00C04F79EFBC}") = "be-authenticationDomain", "be-authenticationDomain\be-authenticationDomain.csproj", "{B32F8DAF-FFB7-458D-8502-10D238BBC018}"
EndProject
Project("{FAE04EC0-301F-11D3-BF4B-00C04F79EFBC}") = "be-authenticationInfrastructure", "be-authenticationInfrastructure\be-authenticationInfrastructure.csproj", "{2FAA9E6E-6DB9-4682-B7ED-F1872CBCDE25}"
EndProject
Project("{2150E333-8FDC-42A3-9474-1A3956D46DE8}") = "Utils", "Utils", "{02EA681E-C7D8-13C7-8484-4AC65E1B71E8}"
EndProject
Project("{FAE04EC0-301F-11D3-BF4B-00C04F79EFBC}") = "be-localization", "be-localization\be-localization.csproj", "{B3A8AEC2-37DF-4209-BD8B-7D5CF07484CC}"
EndProject
Project("{2150E333-8FDC-42A3-9474-1A3956D46DE8}") = "Test", "Test", "{792CC0D0-6A17-4A0F-A4BF-29ED988FA17A}"
EndProject
Project("{FAE04EC0-301F-11D3-BF4B-00C04F79EFBC}") = "be-authenticationDomain.Tests", "be-authenticationDomain.Tests\be-authenticationDomain.Tests.csproj", "{FE17BA70-4324-489C-890F-03370C6F4485}"
EndProject
Project("{FAE04EC0-301F-11D3-BF4B-00C04F79EFBC}") = "be-authenticationApplication.Tests", "be-authenticationApplication.Tests\be-authenticationApplication.Tests.csproj", "{23A23818-B3E4-4595-BBB2-92CAC8B8D618}"
EndProject
Project("{FAE04EC0-301F-11D3-BF4B-00C04F79EFBC}") = "be-authenticationIntegrationTests", "be-authenticationIntegrationTests\be-authenticationIntegrationTests.csproj", "{C727E722-5EB3-4944-8F4A-3B9D0C72DD21}"
EndProject
Global
	GlobalSection(SolutionConfigurationPlatforms) = preSolution
		Debug|Any CPU = Debug|Any CPU
		Debug|x64 = Debug|x64
		Debug|x86 = Debug|x86
		Release|Any CPU = Release|Any CPU
		Release|x64 = Release|x64
		Release|x86 = Release|x86
	EndGlobalSection
	GlobalSection(ProjectConfigurationPlatforms) = postSolution
		{3936C651-D8FE-44A7-BA46-84E95DECF43E}.Debug|Any CPU.ActiveCfg = Debug|Any CPU
		{3936C651-D8FE-44A7-BA46-84E95DECF43E}.Debug|Any CPU.Build.0 = Debug|Any CPU
		{3936C651-D8FE-44A7-BA46-84E95DECF43E}.Debug|x64.ActiveCfg = Debug|Any CPU
		{3936C651-D8FE-44A7-BA46-84E95DECF43E}.Debug|x64.Build.0 = Debug|Any CPU
		{3936C651-D8FE-44A7-BA46-84E95DECF43E}.Debug|x86.ActiveCfg = Debug|Any CPU
		{3936C651-D8FE-44A7-BA46-84E95DECF43E}.Debug|x86.Build.0 = Debug|Any CPU
		{3936C651-D8FE-44A7-BA46-84E95DECF43E}.Release|Any CPU.ActiveCfg = Release|Any CPU
		{3936C651-D8FE-44A7-BA46-84E95DECF43E}.Release|Any CPU.Build.0 = Release|Any CPU
		{3936C651-D8FE-44A7-BA46-84E95DECF43E}.Release|x64.ActiveCfg = Release|Any CPU
		{3936C651-D8FE-44A7-BA46-84E95DECF43E}.Release|x64.Build.0 = Release|Any CPU
		{3936C651-D8FE-44A7-BA46-84E95DECF43E}.Release|x86.ActiveCfg = Release|Any CPU
		{3936C651-D8FE-44A7-BA46-84E95DECF43E}.Release|x86.Build.0 = Release|Any CPU
		{BCFFF388-C049-4036-8525-DDBEAE0D4633}.Debug|Any CPU.ActiveCfg = Debug|Any CPU
		{BCFFF388-C049-4036-8525-DDBEAE0D4633}.Debug|Any CPU.Build.0 = Debug|Any CPU
		{BCFFF388-C049-4036-8525-DDBEAE0D4633}.Debug|x64.ActiveCfg = Debug|Any CPU
		{BCFFF388-C049-4036-8525-DDBEAE0D4633}.Debug|x64.Build.0 = Debug|Any CPU
		{BCFFF388-C049-4036-8525-DDBEAE0D4633}.Debug|x86.ActiveCfg = Debug|Any CPU
		{BCFFF388-C049-4036-8525-DDBEAE0D4633}.Debug|x86.Build.0 = Debug|Any CPU
		{BCFFF388-C049-4036-8525-DDBEAE0D4633}.Release|Any CPU.ActiveCfg = Release|Any CPU
		{BCFFF388-C049-4036-8525-DDBEAE0D4633}.Release|Any CPU.Build.0 = Release|Any CPU
		{BCFFF388-C049-4036-8525-DDBEAE0D4633}.Release|x64.ActiveCfg = Release|Any CPU
		{BCFFF388-C049-4036-8525-DDBEAE0D4633}.Release|x64.Build.0 = Release|Any CPU
		{BCFFF388-C049-4036-8525-DDBEAE0D4633}.Release|x86.ActiveCfg = Release|Any CPU
		{BCFFF388-C049-4036-8525-DDBEAE0D4633}.Release|x86.Build.0 = Release|Any CPU
		{B32F8DAF-FFB7-458D-8502-10D238BBC018}.Debug|Any CPU.ActiveCfg = Debug|Any CPU
		{B32F8DAF-FFB7-458D-8502-10D238BBC018}.Debug|Any CPU.Build.0 = Debug|Any CPU
		{B32F8DAF-FFB7-458D-8502-10D238BBC018}.Debug|x64.ActiveCfg = Debug|Any CPU
		{B32F8DAF-FFB7-458D-8502-10D238BBC018}.Debug|x64.Build.0 = Debug|Any CPU
		{B32F8DAF-FFB7-458D-8502-10D238BBC018}.Debug|x86.ActiveCfg = Debug|Any CPU
		{B32F8DAF-FFB7-458D-8502-10D238BBC018}.Debug|x86.Build.0 = Debug|Any CPU
		{B32F8DAF-FFB7-458D-8502-10D238BBC018}.Release|Any CPU.ActiveCfg = Release|Any CPU
		{B32F8DAF-FFB7-458D-8502-10D238BBC018}.Release|Any CPU.Build.0 = Release|Any CPU
		{B32F8DAF-FFB7-458D-8502-10D238BBC018}.Release|x64.ActiveCfg = Release|Any CPU
		{B32F8DAF-FFB7-458D-8502-10D238BBC018}.Release|x64.Build.0 = Release|Any CPU
		{B32F8DAF-FFB7-458D-8502-10D238BBC018}.Release|x86.ActiveCfg = Release|Any CPU
		{B32F8DAF-FFB7-458D-8502-10D238BBC018}.Release|x86.Build.0 = Release|Any CPU
		{2FAA9E6E-6DB9-4682-B7ED-F1872CBCDE25}.Debug|Any CPU.ActiveCfg = Debug|Any CPU
		{2FAA9E6E-6DB9-4682-B7ED-F1872CBCDE25}.Debug|Any CPU.Build.0 = Debug|Any CPU
		{2FAA9E6E-6DB9-4682-B7ED-F1872CBCDE25}.Debug|x64.ActiveCfg = Debug|Any CPU
		{2FAA9E6E-6DB9-4682-B7ED-F1872CBCDE25}.Debug|x64.Build.0 = Debug|Any CPU
		{2FAA9E6E-6DB9-4682-B7ED-F1872CBCDE25}.Debug|x86.ActiveCfg = Debug|Any CPU
		{2FAA9E6E-6DB9-4682-B7ED-F1872CBCDE25}.Debug|x86.Build.0 = Debug|Any CPU
		{2FAA9E6E-6DB9-4682-B7ED-F1872CBCDE25}.Release|Any CPU.ActiveCfg = Release|Any CPU
		{2FAA9E6E-6DB9-4682-B7ED-F1872CBCDE25}.Release|Any CPU.Build.0 = Release|Any CPU
		{2FAA9E6E-6DB9-4682-B7ED-F1872CBCDE25}.Release|x64.ActiveCfg = Release|Any CPU
		{2FAA9E6E-6DB9-4682-B7ED-F1872CBCDE25}.Release|x64.Build.0 = Release|Any CPU
		{2FAA9E6E-6DB9-4682-B7ED-F1872CBCDE25}.Release|x86.ActiveCfg = Release|Any CPU
		{2FAA9E6E-6DB9-4682-B7ED-F1872CBCDE25}.Release|x86.Build.0 = Release|Any CPU
		{B3A8AEC2-37DF-4209-BD8B-7D5CF07484CC}.Debug|Any CPU.ActiveCfg = Debug|Any CPU
		{B3A8AEC2-37DF-4209-BD8B-7D5CF07484CC}.Debug|Any CPU.Build.0 = Debug|Any CPU
		{B3A8AEC2-37DF-4209-BD8B-7D5CF07484CC}.Debug|x64.ActiveCfg = Debug|Any CPU
		{B3A8AEC2-37DF-4209-BD8B-7D5CF07484CC}.Debug|x64.Build.0 = Debug|Any CPU
		{B3A8AEC2-37DF-4209-BD8B-7D5CF07484CC}.Debug|x86.ActiveCfg = Debug|Any CPU
		{B3A8AEC2-37DF-4209-BD8B-7D5CF07484CC}.Debug|x86.Build.0 = Debug|Any CPU
		{B3A8AEC2-37DF-4209-BD8B-7D5CF07484CC}.Release|Any CPU.ActiveCfg = Release|Any CPU
		{B3A8AEC2-37DF-4209-BD8B-7D5CF07484CC}.Release|Any CPU.Build.0 = Release|Any CPU
		{B3A8AEC2-37DF-4209-BD8B-7D5CF07484CC}.Release|x64.ActiveCfg = Release|Any CPU
		{B3A8AEC2-37DF-4209-BD8B-7D5CF07484CC}.Release|x64.Build.0 = Release|Any CPU
		{B3A8AEC2-37DF-4209-BD8B-7D5CF07484CC}.Release|x86.ActiveCfg = Release|Any CPU
		{B3A8AEC2-37DF-4209-BD8B-7D5CF07484CC}.Release|x86.Build.0 = Release|Any CPU
		{FE17BA70-4324-489C-890F-03370C6F4485}.Debug|Any CPU.ActiveCfg = Debug|Any CPU
		{FE17BA70-4324-489C-890F-03370C6F4485}.Debug|Any CPU.Build.0 = Debug|Any CPU
		{FE17BA70-4324-489C-890F-03370C6F4485}.Debug|x64.ActiveCfg = Debug|Any CPU
		{FE17BA70-4324-489C-890F-03370C6F4485}.Debug|x64.Build.0 = Debug|Any CPU
		{FE17BA70-4324-489C-890F-03370C6F4485}.Debug|x86.ActiveCfg = Debug|Any CPU
		{FE17BA70-4324-489C-890F-03370C6F4485}.Debug|x86.Build.0 = Debug|Any CPU
		{FE17BA70-4324-489C-890F-03370C6F4485}.Release|Any CPU.ActiveCfg = Release|Any CPU
		{FE17BA70-4324-489C-890F-03370C6F4485}.Release|Any CPU.Build.0 = Release|Any CPU
		{FE17BA70-4324-489C-890F-03370C6F4485}.Release|x64.ActiveCfg = Release|Any CPU
		{FE17BA70-4324-489C-890F-03370C6F4485}.Release|x64.Build.0 = Release|Any CPU
		{FE17BA70-4324-489C-890F-03370C6F4485}.Release|x86.ActiveCfg = Release|Any CPU
		{FE17BA70-4324-489C-890F-03370C6F4485}.Release|x86.Build.0 = Release|Any CPU
		{23A23818-B3E4-4595-BBB2-92CAC8B8D618}.Debug|Any CPU.ActiveCfg = Debug|Any CPU
		{23A23818-B3E4-4595-BBB2-92CAC8B8D618}.Debug|Any CPU.Build.0 = Debug|Any CPU
		{23A23818-B3E4-4595-BBB2-92CAC8B8D618}.Debug|x64.ActiveCfg = Debug|Any CPU
		{23A23818-B3E4-4595-BBB2-92CAC8B8D618}.Debug|x64.Build.0 = Debug|Any CPU
		{23A23818-B3E4-4595-BBB2-92CAC8B8D618}.Debug|x86.ActiveCfg = Debug|Any CPU
		{23A23818-B3E4-4595-BBB2-92CAC8B8D618}.Debug|x86.Build.0 = Debug|Any CPU
		{23A23818-B3E4-4595-BBB2-92CAC8B8D618}.Release|Any CPU.ActiveCfg = Release|Any CPU
		{23A23818-B3E4-4595-BBB2-92CAC8B8D618}.Release|Any CPU.Build.0 = Release|Any CPU
		{23A23818-B3E4-4595-BBB2-92CAC8B8D618}.Release|x64.ActiveCfg = Release|Any CPU
		{23A23818-B3E4-4595-BBB2-92CAC8B8D618}.Release|x64.Build.0 = Release|Any CPU
		{23A23818-B3E4-4595-BBB2-92CAC8B8D618}.Release|x86.ActiveCfg = Release|Any CPU
		{23A23818-B3E4-4595-BBB2-92CAC8B8D618}.Release|x86.Build.0 = Release|Any CPU
		{C727E722-5EB3-4944-8F4A-3B9D0C72DD21}.Debug|Any CPU.ActiveCfg = Debug|Any CPU
		{C727E722-5EB3-4944-8F4A-3B9D0C72DD21}.Debug|Any CPU.Build.0 = Debug|Any CPU
		{C727E722-5EB3-4944-8F4A-3B9D0C72DD21}.Debug|x64.ActiveCfg = Debug|Any CPU
		{C727E722-5EB3-4944-8F4A-3B9D0C72DD21}.Debug|x64.Build.0 = Debug|Any CPU
		{C727E722-5EB3-4944-8F4A-3B9D0C72DD21}.Debug|x86.ActiveCfg = Debug|Any CPU
		{C727E722-5EB3-4944-8F4A-3B9D0C72DD21}.Debug|x86.Build.0 = Debug|Any CPU
		{C727E722-5EB3-4944-8F4A-3B9D0C72DD21}.Release|Any CPU.ActiveCfg = Release|Any CPU
		{C727E722-5EB3-4944-8F4A-3B9D0C72DD21}.Release|Any CPU.Build.0 = Release|Any CPU
		{C727E722-5EB3-4944-8F4A-3B9D0C72DD21}.Release|x64.ActiveCfg = Release|Any CPU
		{C727E722-5EB3-4944-8F4A-3B9D0C72DD21}.Release|x64.Build.0 = Release|Any CPU
		{C727E722-5EB3-4944-8F4A-3B9D0C72DD21}.Release|x86.ActiveCfg = Release|Any CPU
		{C727E722-5EB3-4944-8F4A-3B9D0C72DD21}.Release|x86.Build.0 = Release|Any CPU
	EndGlobalSection
	GlobalSection(SolutionProperties) = preSolution
		HideSolutionNode = FALSE
	EndGlobalSection
	GlobalSection(NestedProjects) = preSolution
		{B3A8AEC2-37DF-4209-BD8B-7D5CF07484CC} = {02EA681E-C7D8-13C7-8484-4AC65E1B71E8}
	EndGlobalSection
	GlobalSection(ExtensibilityGlobals) = postSolution
		SolutionGuid = {F2A05BF4-B3FA-461F-AB60-E39695199C97}
	EndGlobalSection
EndGlobal
